
Microsoft Visual Studio Solution File, Format Version 12.00
# Visual Studio Version 17
VisualStudioVersion = 17.7.34202.233
MinimumVisualStudioVersion = 10.0.40219.1
Project("{9A19103F-16F7-4668-BE54-9A1E7A4F7556}") = "CouponAPI", "CouponAPI\CouponAPI.csproj", "{161898AB-6C71-452D-A560-AFA1D26ACCFE}"
EndProject
Project("{FAE04EC0-301F-11D3-BF4B-00C04F79EFBC}") = "LOL_MinAPI", "LOL_MinAPI\LOL_MinAPI.csproj", "{48E65553-B518-4C0D-9EAE-233C3C2EFD07}"
EndProject
Global
	GlobalSection(SolutionConfigurationPlatforms) = preSolution
		Debug|Any CPU = Debug|Any CPU
		Release|Any CPU = Release|Any CPU
	EndGlobalSection
	GlobalSection(ProjectConfigurationPlatforms) = postSolution
		{161898AB-6C71-452D-A560-AFA1D26ACCFE}.Debug|Any CPU.ActiveCfg = Debug|Any CPU
		{161898AB-6C71-452D-A560-AFA1D26ACCFE}.Debug|Any CPU.Build.0 = Debug|Any CPU
		{161898AB-6C71-452D-A560-AFA1D26ACCFE}.Release|Any CPU.ActiveCfg = Release|Any CPU
		{161898AB-6C71-452D-A560-AFA1D26ACCFE}.Release|Any CPU.Build.0 = Release|Any CPU
		{48E65553-B518-4C0D-9EAE-233C3C2EFD07}.Debug|Any CPU.ActiveCfg = Debug|Any CPU
		{48E65553-B518-4C0D-9EAE-233C3C2EFD07}.Debug|Any CPU.Build.0 = Debug|Any CPU
		{48E65553-B518-4C0D-9EAE-233C3C2EFD07}.Release|Any CPU.ActiveCfg = Release|Any CPU
		{48E65553-B518-4C0D-9EAE-233C3C2EFD07}.Release|Any CPU.Build.0 = Release|Any CPU
	EndGlobalSection
	GlobalSection(SolutionProperties) = preSolution
		HideSolutionNode = FALSE
	EndGlobalSection
	GlobalSection(ExtensibilityGlobals) = postSolution
		SolutionGuid = {664C6012-5B03-4F61-A240-59A8D086F6A7}
	EndGlobalSection
EndGlobal
